// !$*UTF8*$!
{
	archiveVersion = 1;
	classes = {
	};
	objectVersion = 50;
	objects = {

/* Begin PBXBuildFile section */
		A20ED65A237E13930043CC90 /* ConfirmCreateAccountMainView.swift in Sources */ = {isa = PBXBuildFile; fileRef = A20ED659237E13930043CC90 /* ConfirmCreateAccountMainView.swift */; };
		A20ED65D2382490A0043CC90 /* ConfirmAccountVeiw.swift in Sources */ = {isa = PBXBuildFile; fileRef = A20ED65C2382490A0043CC90 /* ConfirmAccountVeiw.swift */; };
		A20ED65F238249670043CC90 /* SelectUserImageView.swift in Sources */ = {isa = PBXBuildFile; fileRef = A20ED65E238249670043CC90 /* SelectUserImageView.swift */; };
		A20ED6622382688E0043CC90 /* ConfirmUserViewController.swift in Sources */ = {isa = PBXBuildFile; fileRef = A20ED6612382688E0043CC90 /* ConfirmUserViewController.swift */; };
		A20ED664238272F50043CC90 /* ResendConfirmationCodeController.swift in Sources */ = {isa = PBXBuildFile; fileRef = A20ED663238272F50043CC90 /* ResendConfirmationCodeController.swift */; };
		A20ED66623841D5E0043CC90 /* SpotifyWebAPIController.swift in Sources */ = {isa = PBXBuildFile; fileRef = A20ED66523841D5E0043CC90 /* SpotifyWebAPIController.swift */; };
		A20ED66823841EBA0043CC90 /* SelectUserImageViewController.swift in Sources */ = {isa = PBXBuildFile; fileRef = A20ED66723841EBA0043CC90 /* SelectUserImageViewController.swift */; };
		A20ED66B2384735B0043CC90 /* SpotifyArtistModel.swift in Sources */ = {isa = PBXBuildFile; fileRef = A20ED66A2384735B0043CC90 /* SpotifyArtistModel.swift */; };
		A20ED66D238475B90043CC90 /* SpotifyAPIRequest.swift in Sources */ = {isa = PBXBuildFile; fileRef = A20ED66C238475B90043CC90 /* SpotifyAPIRequest.swift */; };
		A20ED66F238475C90043CC90 /* SpotifyAPIResponse.swift in Sources */ = {isa = PBXBuildFile; fileRef = A20ED66E238475C90043CC90 /* SpotifyAPIResponse.swift */; };
		A20ED6712384A4BE0043CC90 /* ConfirmUserImageView.swift in Sources */ = {isa = PBXBuildFile; fileRef = A20ED6702384A4BE0043CC90 /* ConfirmUserImageView.swift */; };
		A2162F3E23B93BDE00DE33C5 /* HostPlaylistCurrentSongPlayerView.swift in Sources */ = {isa = PBXBuildFile; fileRef = A2162F3D23B93BDE00DE33C5 /* HostPlaylistCurrentSongPlayerView.swift */; };
		A2189084234166B5008FBA2C /* AppDelegate.swift in Sources */ = {isa = PBXBuildFile; fileRef = A2189083234166B5008FBA2C /* AppDelegate.swift */; };
		A2189086234166B5008FBA2C /* SceneDelegate.swift in Sources */ = {isa = PBXBuildFile; fileRef = A2189085234166B5008FBA2C /* SceneDelegate.swift */; };
		A2189088234166B5008FBA2C /* StartupTabView.swift in Sources */ = {isa = PBXBuildFile; fileRef = A2189087234166B5008FBA2C /* StartupTabView.swift */; };
		A218908A234166B8008FBA2C /* Assets.xcassets in Resources */ = {isa = PBXBuildFile; fileRef = A2189089234166B8008FBA2C /* Assets.xcassets */; };
		A218908D234166B8008FBA2C /* Preview Assets.xcassets in Resources */ = {isa = PBXBuildFile; fileRef = A218908C234166B8008FBA2C /* Preview Assets.xcassets */; };
		A2189090234166B8008FBA2C /* LaunchScreen.storyboard in Resources */ = {isa = PBXBuildFile; fileRef = A218908E234166B8008FBA2C /* LaunchScreen.storyboard */; };
		A218909B234166B8008FBA2C /* MixItPlaylistsTests.swift in Sources */ = {isa = PBXBuildFile; fileRef = A218909A234166B8008FBA2C /* MixItPlaylistsTests.swift */; };
		A21890A6234166B8008FBA2C /* MixItPlaylistsUITests.swift in Sources */ = {isa = PBXBuildFile; fileRef = A21890A5234166B8008FBA2C /* MixItPlaylistsUITests.swift */; };
		A21890BE23417F72008FBA2C /* LoginView.swift in Sources */ = {isa = PBXBuildFile; fileRef = A21890BD23417F72008FBA2C /* LoginView.swift */; };
		A21890C023417F90008FBA2C /* SignupView.swift in Sources */ = {isa = PBXBuildFile; fileRef = A21890BF23417F90008FBA2C /* SignupView.swift */; };
		A21890C223417F9E008FBA2C /* InfoView.swift in Sources */ = {isa = PBXBuildFile; fileRef = A21890C123417F9E008FBA2C /* InfoView.swift */; };
		A21890C423418A1A008FBA2C /* AppIconView.swift in Sources */ = {isa = PBXBuildFile; fileRef = A21890C323418A1A008FBA2C /* AppIconView.swift */; };
		A21890C92341B2E0008FBA2C /* RoundedTextField.swift in Sources */ = {isa = PBXBuildFile; fileRef = A21890C82341B2E0008FBA2C /* RoundedTextField.swift */; };
		A22CE68423AAD33F0004F219 /* HostPlaylistRootView.swift in Sources */ = {isa = PBXBuildFile; fileRef = A22CE68323AAD33F0004F219 /* HostPlaylistRootView.swift */; };
		A245DF6E237D2005003C7959 /* NavigationConfigurator.swift in Sources */ = {isa = PBXBuildFile; fileRef = A245DF6D237D2005003C7959 /* NavigationConfigurator.swift */; };
		A252CFCD239F2E8600BDC009 /* CreatePlaylistViewController.swift in Sources */ = {isa = PBXBuildFile; fileRef = A252CFCC239F2E8600BDC009 /* CreatePlaylistViewController.swift */; };
		A253170423906BEE003A41D1 /* StartupAuthViewController.swift in Sources */ = {isa = PBXBuildFile; fileRef = A253170323906BEE003A41D1 /* StartupAuthViewController.swift */; };
		A25317062391007E003A41D1 /* LaunchScreenView.swift in Sources */ = {isa = PBXBuildFile; fileRef = A25317052391007E003A41D1 /* LaunchScreenView.swift */; };
		A25317092391947F003A41D1 /* HomeInfoView.swift in Sources */ = {isa = PBXBuildFile; fileRef = A25317082391947F003A41D1 /* HomeInfoView.swift */; };
		A253170C23919604003A41D1 /* LogoutViewController.swift in Sources */ = {isa = PBXBuildFile; fileRef = A253170B23919604003A41D1 /* LogoutViewController.swift */; };
		A26B2A6F23C52CBF00C73D25 /* GetFriendsAndRequestsController.swift in Sources */ = {isa = PBXBuildFile; fileRef = A26B2A6E23C52CBF00C73D25 /* GetFriendsAndRequestsController.swift */; };
		A26B2A7123C52D8C00C73D25 /* UserFriendsModel.swift in Sources */ = {isa = PBXBuildFile; fileRef = A26B2A7023C52D8C00C73D25 /* UserFriendsModel.swift */; };
		A26C17AD2346BB9E00F8396B /* LoginViewController.swift in Sources */ = {isa = PBXBuildFile; fileRef = A26C17AC2346BB9E00F8396B /* LoginViewController.swift */; };
		A26C17B32346C2D700F8396B /* APINetworkController.swift in Sources */ = {isa = PBXBuildFile; fileRef = A26C17B22346C2D700F8396B /* APINetworkController.swift */; };
		A26C17B62346C43400F8396B /* APIRequest.swift in Sources */ = {isa = PBXBuildFile; fileRef = A26C17B52346C43400F8396B /* APIRequest.swift */; };
		A26C17B82346CCE600F8396B /* APIResponse.swift in Sources */ = {isa = PBXBuildFile; fileRef = A26C17B72346CCE600F8396B /* APIResponse.swift */; };
		A26FE72C235EC3F700136EB3 /* HomePageView.swift in Sources */ = {isa = PBXBuildFile; fileRef = A26FE72B235EC3F700136EB3 /* HomePageView.swift */; };
		A28116F123680070009E3AD7 /* RootView.swift in Sources */ = {isa = PBXBuildFile; fileRef = A28116F023680070009E3AD7 /* RootView.swift */; };
		A28116F4236800D5009E3AD7 /* RootViewModel.swift in Sources */ = {isa = PBXBuildFile; fileRef = A28116F3236800D5009E3AD7 /* RootViewModel.swift */; };
		A28116F72368C41A009E3AD7 /* CreatePlaylistView.swift in Sources */ = {isa = PBXBuildFile; fileRef = A28116F62368C41A009E3AD7 /* CreatePlaylistView.swift */; };
		A28117002368D12C009E3AD7 /* MixItPlaylistModel.swift in Sources */ = {isa = PBXBuildFile; fileRef = A28116FF2368D12C009E3AD7 /* MixItPlaylistModel.swift */; };
		A286382E23AB304000666229 /* HostPlaylistSongTabView.swift in Sources */ = {isa = PBXBuildFile; fileRef = A286382D23AB304000666229 /* HostPlaylistSongTabView.swift */; };
		A286383123AB338700666229 /* TestView.swift in Sources */ = {isa = PBXBuildFile; fileRef = A286383023AB338700666229 /* TestView.swift */; };
		A286383423AB38AF00666229 /* HostPlaylistViewController.swift in Sources */ = {isa = PBXBuildFile; fileRef = A286383323AB38AF00666229 /* HostPlaylistViewController.swift */; };
		A286383823AB3C3400666229 /* GetSpotifyPlaylistViewController.swift in Sources */ = {isa = PBXBuildFile; fileRef = A286383723AB3C3400666229 /* GetSpotifyPlaylistViewController.swift */; };
		A286383A23AB4B4B00666229 /* SpotifyPlaylistModel.swift in Sources */ = {isa = PBXBuildFile; fileRef = A286383923AB4B4B00666229 /* SpotifyPlaylistModel.swift */; };
		A286383C23ABF2D000666229 /* GetSpotifySongsViewController.swift in Sources */ = {isa = PBXBuildFile; fileRef = A286383B23ABF2D000666229 /* GetSpotifySongsViewController.swift */; };
		A286383E23ABF3BE00666229 /* SpotifySongModel.swift in Sources */ = {isa = PBXBuildFile; fileRef = A286383D23ABF3BE00666229 /* SpotifySongModel.swift */; };
		A286384023ABF4C700666229 /* SpotifyAlbumModel.swift in Sources */ = {isa = PBXBuildFile; fileRef = A286383F23ABF4C700666229 /* SpotifyAlbumModel.swift */; };
		A286384323AC066900666229 /* SpotifySongListView.swift in Sources */ = {isa = PBXBuildFile; fileRef = A286384223AC066900666229 /* SpotifySongListView.swift */; };
		A286384623AC06D900666229 /* SpotifySongListViewController.swift in Sources */ = {isa = PBXBuildFile; fileRef = A286384523AC06D900666229 /* SpotifySongListViewController.swift */; };
		A286384823AC25C900666229 /* SpotifyHostCurrentSongView.swift in Sources */ = {isa = PBXBuildFile; fileRef = A286384723AC25C900666229 /* SpotifyHostCurrentSongView.swift */; };
		A286384A23AD4B8E00666229 /* ProgressBar.swift in Sources */ = {isa = PBXBuildFile; fileRef = A286384923AD4B8E00666229 /* ProgressBar.swift */; };
		A286384C23AEAE1300666229 /* SpotifyConstants.swift in Sources */ = {isa = PBXBuildFile; fileRef = A286384B23AEAE1300666229 /* SpotifyConstants.swift */; };
		A28B6D1B237CA7230000F010 /* SpotifyAuthHelpView.swift in Sources */ = {isa = PBXBuildFile; fileRef = A28B6D1A237CA7230000F010 /* SpotifyAuthHelpView.swift */; };
		A28B6D25237CACFA0000F010 /* SpotifyiOS.framework in Frameworks */ = {isa = PBXBuildFile; fileRef = A28B6D24237CACF90000F010 /* SpotifyiOS.framework */; };
		A290780D238DB7B9007DE5C2 /* KeychainController.swift in Sources */ = {isa = PBXBuildFile; fileRef = A290780C238DB7B9007DE5C2 /* KeychainController.swift */; };
		A2907810238DDB54007DE5C2 /* KeychainModel.swift in Sources */ = {isa = PBXBuildFile; fileRef = A290780F238DDB54007DE5C2 /* KeychainModel.swift */; };
		A2A19E7223A6ECF600877B9E /* SpotifyAuthController.swift in Sources */ = {isa = PBXBuildFile; fileRef = A2A19E7123A6ECF600877B9E /* SpotifyAuthController.swift */; };
		A2B8FB78237A237C0053E608 /* ForgotPasswordView.swift in Sources */ = {isa = PBXBuildFile; fileRef = A2B8FB77237A237C0053E608 /* ForgotPasswordView.swift */; };
		A2B93425237B521500EAF4FB /* GetForgotPasswordCodeView.swift in Sources */ = {isa = PBXBuildFile; fileRef = A2B93424237B521500EAF4FB /* GetForgotPasswordCodeView.swift */; };
		A2B93427237B525800EAF4FB /* ChangePasswordView.swift in Sources */ = {isa = PBXBuildFile; fileRef = A2B93426237B525800EAF4FB /* ChangePasswordView.swift */; };
		A2B9342A237B712200EAF4FB /* ForgotPasswordViewController.swift in Sources */ = {isa = PBXBuildFile; fileRef = A2B93429237B712200EAF4FB /* ForgotPasswordViewController.swift */; };
		A2B9342C237B712F00EAF4FB /* ChangePasswordViewController.swift in Sources */ = {isa = PBXBuildFile; fileRef = A2B9342B237B712F00EAF4FB /* ChangePasswordViewController.swift */; };
		A2B93430237C949A00EAF4FB /* SpotifyAuthView.swift in Sources */ = {isa = PBXBuildFile; fileRef = A2B9342F237C949A00EAF4FB /* SpotifyAuthView.swift */; };
		A2CF86B123A0CB5300E65797 /* ImagePickerViewController.swift in Sources */ = {isa = PBXBuildFile; fileRef = A2CF86B023A0CB5300E65797 /* ImagePickerViewController.swift */; };
		A2D37CD923737AFB00B42EA5 /* ExternalLinkModel.swift in Sources */ = {isa = PBXBuildFile; fileRef = A2D37CD823737AFB00B42EA5 /* ExternalLinkModel.swift */; };
		A2D41901234FD44800764104 /* AlertObject.swift in Sources */ = {isa = PBXBuildFile; fileRef = A2D41900234FD44800764104 /* AlertObject.swift */; };
		A2D419032357E68E00764104 /* ActivityIndicator.swift in Sources */ = {isa = PBXBuildFile; fileRef = A2D419022357E68E00764104 /* ActivityIndicator.swift */; };
		A2D4190523588F6F00764104 /* SignupViewController.swift in Sources */ = {isa = PBXBuildFile; fileRef = A2D4190423588F6F00764104 /* SignupViewController.swift */; };
		A2E44EDE23BBCCAD00C7B8D6 /* HomePlaylistView.swift in Sources */ = {isa = PBXBuildFile; fileRef = A2E44EDD23BBCCAD00C7B8D6 /* HomePlaylistView.swift */; };
		A2E44EE123BBCEBF00C7B8D6 /* GetPlaylistViewController.swift in Sources */ = {isa = PBXBuildFile; fileRef = A2E44EE023BBCEBF00C7B8D6 /* GetPlaylistViewController.swift */; };
		A2E44EE323BBF15600C7B8D6 /* GetMyPlaylistsController.swift in Sources */ = {isa = PBXBuildFile; fileRef = A2E44EE223BBF15600C7B8D6 /* GetMyPlaylistsController.swift */; };
		A2E44EE623BD33F100C7B8D6 /* UserDataModel.swift in Sources */ = {isa = PBXBuildFile; fileRef = A2E44EE523BD33F100C7B8D6 /* UserDataModel.swift */; };
		A2E44EE823BFEFD500C7B8D6 /* ConfirmStartPlaylistView.swift in Sources */ = {isa = PBXBuildFile; fileRef = A2E44EE723BFEFD500C7B8D6 /* ConfirmStartPlaylistView.swift */; };
		A2E44EEA23C150B300C7B8D6 /* FriendsRootView.swift in Sources */ = {isa = PBXBuildFile; fileRef = A2E44EE923C150B300C7B8D6 /* FriendsRootView.swift */; };
		A2E44EEC23C1526B00C7B8D6 /* SearchUsersView.swift in Sources */ = {isa = PBXBuildFile; fileRef = A2E44EEB23C1526B00C7B8D6 /* SearchUsersView.swift */; };
		A2E44EF423C1669000C7B8D6 /* SearchUserViewController.swift in Sources */ = {isa = PBXBuildFile; fileRef = A2E44EF323C1669000C7B8D6 /* SearchUserViewController.swift */; };
		A2E44EF723C1671A00C7B8D6 /* SearchedUserModel.swift in Sources */ = {isa = PBXBuildFile; fileRef = A2E44EF623C1671A00C7B8D6 /* SearchedUserModel.swift */; };
		A2E44EF923C16D8600C7B8D6 /* GetUserImage.swift in Sources */ = {isa = PBXBuildFile; fileRef = A2E44EF823C16D8600C7B8D6 /* GetUserImage.swift */; };
		A2E44EFB23C2904C00C7B8D6 /* ParseUsersController.swift in Sources */ = {isa = PBXBuildFile; fileRef = A2E44EFA23C2904C00C7B8D6 /* ParseUsersController.swift */; };
		A2FEDB672384B64E00E27B8F /* SelectUserImageScrollView.swift in Sources */ = {isa = PBXBuildFile; fileRef = A2FEDB662384B64E00E27B8F /* SelectUserImageScrollView.swift */; };
		A2FEDB692385131600E27B8F /* ConfirmUserImageViewController.swift in Sources */ = {isa = PBXBuildFile; fileRef = A2FEDB682385131600E27B8F /* ConfirmUserImageViewController.swift */; };
/* End PBXBuildFile section */

/* Begin PBXContainerItemProxy section */
		A2189097234166B8008FBA2C /* PBXContainerItemProxy */ = {
			isa = PBXContainerItemProxy;
			containerPortal = A2189078234166B5008FBA2C /* Project object */;
			proxyType = 1;
			remoteGlobalIDString = A218907F234166B5008FBA2C;
			remoteInfo = MixItPlaylists;
		};
		A21890A2234166B8008FBA2C /* PBXContainerItemProxy */ = {
			isa = PBXContainerItemProxy;
			containerPortal = A2189078234166B5008FBA2C /* Project object */;
			proxyType = 1;
			remoteGlobalIDString = A218907F234166B5008FBA2C;
			remoteInfo = MixItPlaylists;
		};
/* End PBXContainerItemProxy section */

/* Begin PBXFileReference section */
		A20ED659237E13930043CC90 /* ConfirmCreateAccountMainView.swift */ = {isa = PBXFileReference; lastKnownFileType = sourcecode.swift; path = ConfirmCreateAccountMainView.swift; sourceTree = "<group>"; };
		A20ED65C2382490A0043CC90 /* ConfirmAccountVeiw.swift */ = {isa = PBXFileReference; lastKnownFileType = sourcecode.swift; path = ConfirmAccountVeiw.swift; sourceTree = "<group>"; };
		A20ED65E238249670043CC90 /* SelectUserImageView.swift */ = {isa = PBXFileReference; lastKnownFileType = sourcecode.swift; path = SelectUserImageView.swift; sourceTree = "<group>"; };
		A20ED6612382688E0043CC90 /* ConfirmUserViewController.swift */ = {isa = PBXFileReference; lastKnownFileType = sourcecode.swift; path = ConfirmUserViewController.swift; sourceTree = "<group>"; };
		A20ED663238272F50043CC90 /* ResendConfirmationCodeController.swift */ = {isa = PBXFileReference; lastKnownFileType = sourcecode.swift; path = ResendConfirmationCodeController.swift; sourceTree = "<group>"; };
		A20ED66523841D5E0043CC90 /* SpotifyWebAPIController.swift */ = {isa = PBXFileReference; lastKnownFileType = sourcecode.swift; path = SpotifyWebAPIController.swift; sourceTree = "<group>"; };
		A20ED66723841EBA0043CC90 /* SelectUserImageViewController.swift */ = {isa = PBXFileReference; lastKnownFileType = sourcecode.swift; path = SelectUserImageViewController.swift; sourceTree = "<group>"; };
		A20ED66A2384735B0043CC90 /* SpotifyArtistModel.swift */ = {isa = PBXFileReference; lastKnownFileType = sourcecode.swift; path = SpotifyArtistModel.swift; sourceTree = "<group>"; };
		A20ED66C238475B90043CC90 /* SpotifyAPIRequest.swift */ = {isa = PBXFileReference; lastKnownFileType = sourcecode.swift; path = SpotifyAPIRequest.swift; sourceTree = "<group>"; };
		A20ED66E238475C90043CC90 /* SpotifyAPIResponse.swift */ = {isa = PBXFileReference; lastKnownFileType = sourcecode.swift; path = SpotifyAPIResponse.swift; sourceTree = "<group>"; };
		A20ED6702384A4BE0043CC90 /* ConfirmUserImageView.swift */ = {isa = PBXFileReference; lastKnownFileType = sourcecode.swift; path = ConfirmUserImageView.swift; sourceTree = "<group>"; };
		A2162F3D23B93BDE00DE33C5 /* HostPlaylistCurrentSongPlayerView.swift */ = {isa = PBXFileReference; lastKnownFileType = sourcecode.swift; path = HostPlaylistCurrentSongPlayerView.swift; sourceTree = "<group>"; };
		A2189080234166B5008FBA2C /* Mix It Playlists.app */ = {isa = PBXFileReference; explicitFileType = wrapper.application; includeInIndex = 0; path = "Mix It Playlists.app"; sourceTree = BUILT_PRODUCTS_DIR; };
		A2189083234166B5008FBA2C /* AppDelegate.swift */ = {isa = PBXFileReference; lastKnownFileType = sourcecode.swift; path = AppDelegate.swift; sourceTree = "<group>"; };
		A2189085234166B5008FBA2C /* SceneDelegate.swift */ = {isa = PBXFileReference; lastKnownFileType = sourcecode.swift; path = SceneDelegate.swift; sourceTree = "<group>"; };
		A2189087234166B5008FBA2C /* StartupTabView.swift */ = {isa = PBXFileReference; lastKnownFileType = sourcecode.swift; path = StartupTabView.swift; sourceTree = "<group>"; };
		A2189089234166B8008FBA2C /* Assets.xcassets */ = {isa = PBXFileReference; lastKnownFileType = folder.assetcatalog; path = Assets.xcassets; sourceTree = "<group>"; };
		A218908C234166B8008FBA2C /* Preview Assets.xcassets */ = {isa = PBXFileReference; lastKnownFileType = folder.assetcatalog; path = "Preview Assets.xcassets"; sourceTree = "<group>"; };
		A218908F234166B8008FBA2C /* Base */ = {isa = PBXFileReference; lastKnownFileType = file.storyboard; name = Base; path = Base.lproj/LaunchScreen.storyboard; sourceTree = "<group>"; };
		A2189091234166B8008FBA2C /* Info.plist */ = {isa = PBXFileReference; lastKnownFileType = text.plist.xml; path = Info.plist; sourceTree = "<group>"; };
		A2189096234166B8008FBA2C /* MixItPlaylistsTests.xctest */ = {isa = PBXFileReference; explicitFileType = wrapper.cfbundle; includeInIndex = 0; path = MixItPlaylistsTests.xctest; sourceTree = BUILT_PRODUCTS_DIR; };
		A218909A234166B8008FBA2C /* MixItPlaylistsTests.swift */ = {isa = PBXFileReference; lastKnownFileType = sourcecode.swift; path = MixItPlaylistsTests.swift; sourceTree = "<group>"; };
		A218909C234166B8008FBA2C /* Info.plist */ = {isa = PBXFileReference; lastKnownFileType = text.plist.xml; path = Info.plist; sourceTree = "<group>"; };
		A21890A1234166B8008FBA2C /* MixItPlaylistsUITests.xctest */ = {isa = PBXFileReference; explicitFileType = wrapper.cfbundle; includeInIndex = 0; path = MixItPlaylistsUITests.xctest; sourceTree = BUILT_PRODUCTS_DIR; };
		A21890A5234166B8008FBA2C /* MixItPlaylistsUITests.swift */ = {isa = PBXFileReference; lastKnownFileType = sourcecode.swift; path = MixItPlaylistsUITests.swift; sourceTree = "<group>"; };
		A21890A7234166B8008FBA2C /* Info.plist */ = {isa = PBXFileReference; lastKnownFileType = text.plist.xml; path = Info.plist; sourceTree = "<group>"; };
		A21890BD23417F72008FBA2C /* LoginView.swift */ = {isa = PBXFileReference; lastKnownFileType = sourcecode.swift; path = LoginView.swift; sourceTree = "<group>"; };
		A21890BF23417F90008FBA2C /* SignupView.swift */ = {isa = PBXFileReference; lastKnownFileType = sourcecode.swift; path = SignupView.swift; sourceTree = "<group>"; };
		A21890C123417F9E008FBA2C /* InfoView.swift */ = {isa = PBXFileReference; lastKnownFileType = sourcecode.swift; path = InfoView.swift; sourceTree = "<group>"; };
		A21890C323418A1A008FBA2C /* AppIconView.swift */ = {isa = PBXFileReference; lastKnownFileType = sourcecode.swift; path = AppIconView.swift; sourceTree = "<group>"; };
		A21890C82341B2E0008FBA2C /* RoundedTextField.swift */ = {isa = PBXFileReference; lastKnownFileType = sourcecode.swift; path = RoundedTextField.swift; sourceTree = "<group>"; };
		A22CE68323AAD33F0004F219 /* HostPlaylistRootView.swift */ = {isa = PBXFileReference; lastKnownFileType = sourcecode.swift; path = HostPlaylistRootView.swift; sourceTree = "<group>"; };
		A245DF6D237D2005003C7959 /* NavigationConfigurator.swift */ = {isa = PBXFileReference; lastKnownFileType = sourcecode.swift; path = NavigationConfigurator.swift; sourceTree = "<group>"; };
		A252CFCC239F2E8600BDC009 /* CreatePlaylistViewController.swift */ = {isa = PBXFileReference; lastKnownFileType = sourcecode.swift; path = CreatePlaylistViewController.swift; sourceTree = "<group>"; };
		A253170323906BEE003A41D1 /* StartupAuthViewController.swift */ = {isa = PBXFileReference; lastKnownFileType = sourcecode.swift; path = StartupAuthViewController.swift; sourceTree = "<group>"; };
		A25317052391007E003A41D1 /* LaunchScreenView.swift */ = {isa = PBXFileReference; lastKnownFileType = sourcecode.swift; path = LaunchScreenView.swift; sourceTree = "<group>"; };
		A25317082391947F003A41D1 /* HomeInfoView.swift */ = {isa = PBXFileReference; lastKnownFileType = sourcecode.swift; path = HomeInfoView.swift; sourceTree = "<group>"; };
		A253170B23919604003A41D1 /* LogoutViewController.swift */ = {isa = PBXFileReference; lastKnownFileType = sourcecode.swift; path = LogoutViewController.swift; sourceTree = "<group>"; };
		A26B2A6E23C52CBF00C73D25 /* GetFriendsAndRequestsController.swift */ = {isa = PBXFileReference; lastKnownFileType = sourcecode.swift; path = GetFriendsAndRequestsController.swift; sourceTree = "<group>"; };
		A26B2A7023C52D8C00C73D25 /* UserFriendsModel.swift */ = {isa = PBXFileReference; lastKnownFileType = sourcecode.swift; path = UserFriendsModel.swift; sourceTree = "<group>"; };
		A26C17AC2346BB9E00F8396B /* LoginViewController.swift */ = {isa = PBXFileReference; lastKnownFileType = sourcecode.swift; path = LoginViewController.swift; sourceTree = "<group>"; };
		A26C17B22346C2D700F8396B /* APINetworkController.swift */ = {isa = PBXFileReference; lastKnownFileType = sourcecode.swift; path = APINetworkController.swift; sourceTree = "<group>"; };
		A26C17B52346C43400F8396B /* APIRequest.swift */ = {isa = PBXFileReference; lastKnownFileType = sourcecode.swift; path = APIRequest.swift; sourceTree = "<group>"; };
		A26C17B72346CCE600F8396B /* APIResponse.swift */ = {isa = PBXFileReference; lastKnownFileType = sourcecode.swift; path = APIResponse.swift; sourceTree = "<group>"; };
		A26FE72B235EC3F700136EB3 /* HomePageView.swift */ = {isa = PBXFileReference; lastKnownFileType = sourcecode.swift; path = HomePageView.swift; sourceTree = "<group>"; };
		A28116F023680070009E3AD7 /* RootView.swift */ = {isa = PBXFileReference; lastKnownFileType = sourcecode.swift; path = RootView.swift; sourceTree = "<group>"; };
		A28116F3236800D5009E3AD7 /* RootViewModel.swift */ = {isa = PBXFileReference; lastKnownFileType = sourcecode.swift; path = RootViewModel.swift; sourceTree = "<group>"; };
		A28116F62368C41A009E3AD7 /* CreatePlaylistView.swift */ = {isa = PBXFileReference; lastKnownFileType = sourcecode.swift; path = CreatePlaylistView.swift; sourceTree = "<group>"; };
		A28116FF2368D12C009E3AD7 /* MixItPlaylistModel.swift */ = {isa = PBXFileReference; lastKnownFileType = sourcecode.swift; path = MixItPlaylistModel.swift; sourceTree = "<group>"; };
		A286382D23AB304000666229 /* HostPlaylistSongTabView.swift */ = {isa = PBXFileReference; lastKnownFileType = sourcecode.swift; path = HostPlaylistSongTabView.swift; sourceTree = "<group>"; };
		A286383023AB338700666229 /* TestView.swift */ = {isa = PBXFileReference; lastKnownFileType = sourcecode.swift; path = TestView.swift; sourceTree = "<group>"; };
		A286383323AB38AF00666229 /* HostPlaylistViewController.swift */ = {isa = PBXFileReference; lastKnownFileType = sourcecode.swift; path = HostPlaylistViewController.swift; sourceTree = "<group>"; };
		A286383723AB3C3400666229 /* GetSpotifyPlaylistViewController.swift */ = {isa = PBXFileReference; lastKnownFileType = sourcecode.swift; path = GetSpotifyPlaylistViewController.swift; sourceTree = "<group>"; };
		A286383923AB4B4B00666229 /* SpotifyPlaylistModel.swift */ = {isa = PBXFileReference; lastKnownFileType = sourcecode.swift; path = SpotifyPlaylistModel.swift; sourceTree = "<group>"; };
		A286383B23ABF2D000666229 /* GetSpotifySongsViewController.swift */ = {isa = PBXFileReference; lastKnownFileType = sourcecode.swift; path = GetSpotifySongsViewController.swift; sourceTree = "<group>"; };
		A286383D23ABF3BE00666229 /* SpotifySongModel.swift */ = {isa = PBXFileReference; lastKnownFileType = sourcecode.swift; path = SpotifySongModel.swift; sourceTree = "<group>"; };
		A286383F23ABF4C700666229 /* SpotifyAlbumModel.swift */ = {isa = PBXFileReference; lastKnownFileType = sourcecode.swift; path = SpotifyAlbumModel.swift; sourceTree = "<group>"; };
		A286384223AC066900666229 /* SpotifySongListView.swift */ = {isa = PBXFileReference; lastKnownFileType = sourcecode.swift; path = SpotifySongListView.swift; sourceTree = "<group>"; };
		A286384523AC06D900666229 /* SpotifySongListViewController.swift */ = {isa = PBXFileReference; lastKnownFileType = sourcecode.swift; path = SpotifySongListViewController.swift; sourceTree = "<group>"; };
		A286384723AC25C900666229 /* SpotifyHostCurrentSongView.swift */ = {isa = PBXFileReference; lastKnownFileType = sourcecode.swift; path = SpotifyHostCurrentSongView.swift; sourceTree = "<group>"; };
		A286384923AD4B8E00666229 /* ProgressBar.swift */ = {isa = PBXFileReference; lastKnownFileType = sourcecode.swift; path = ProgressBar.swift; sourceTree = "<group>"; };
		A286384B23AEAE1300666229 /* SpotifyConstants.swift */ = {isa = PBXFileReference; lastKnownFileType = sourcecode.swift; path = SpotifyConstants.swift; sourceTree = "<group>"; };
		A28B6D1A237CA7230000F010 /* SpotifyAuthHelpView.swift */ = {isa = PBXFileReference; lastKnownFileType = sourcecode.swift; path = SpotifyAuthHelpView.swift; sourceTree = "<group>"; };
		A28B6D1F237CAAA40000F010 /* MixItPlaylists-Bridging-Header.h */ = {isa = PBXFileReference; lastKnownFileType = sourcecode.c.h; path = "MixItPlaylists-Bridging-Header.h"; sourceTree = "<group>"; };
		A28B6D24237CACF90000F010 /* SpotifyiOS.framework */ = {isa = PBXFileReference; lastKnownFileType = wrapper.framework; path = SpotifyiOS.framework; sourceTree = "<group>"; };
		A290780C238DB7B9007DE5C2 /* KeychainController.swift */ = {isa = PBXFileReference; lastKnownFileType = sourcecode.swift; path = KeychainController.swift; sourceTree = "<group>"; };
		A290780F238DDB54007DE5C2 /* KeychainModel.swift */ = {isa = PBXFileReference; lastKnownFileType = sourcecode.swift; path = KeychainModel.swift; sourceTree = "<group>"; };
		A2A19E7123A6ECF600877B9E /* SpotifyAuthController.swift */ = {isa = PBXFileReference; lastKnownFileType = sourcecode.swift; path = SpotifyAuthController.swift; sourceTree = "<group>"; };
		A2B8FB77237A237C0053E608 /* ForgotPasswordView.swift */ = {isa = PBXFileReference; lastKnownFileType = sourcecode.swift; path = ForgotPasswordView.swift; sourceTree = "<group>"; };
		A2B93424237B521500EAF4FB /* GetForgotPasswordCodeView.swift */ = {isa = PBXFileReference; lastKnownFileType = sourcecode.swift; path = GetForgotPasswordCodeView.swift; sourceTree = "<group>"; };
		A2B93426237B525800EAF4FB /* ChangePasswordView.swift */ = {isa = PBXFileReference; lastKnownFileType = sourcecode.swift; path = ChangePasswordView.swift; sourceTree = "<group>"; };
		A2B93429237B712200EAF4FB /* ForgotPasswordViewController.swift */ = {isa = PBXFileReference; lastKnownFileType = sourcecode.swift; path = ForgotPasswordViewController.swift; sourceTree = "<group>"; };
		A2B9342B237B712F00EAF4FB /* ChangePasswordViewController.swift */ = {isa = PBXFileReference; lastKnownFileType = sourcecode.swift; path = ChangePasswordViewController.swift; sourceTree = "<group>"; };
		A2B9342F237C949A00EAF4FB /* SpotifyAuthView.swift */ = {isa = PBXFileReference; lastKnownFileType = sourcecode.swift; path = SpotifyAuthView.swift; sourceTree = "<group>"; };
		A2CF86B023A0CB5300E65797 /* ImagePickerViewController.swift */ = {isa = PBXFileReference; lastKnownFileType = sourcecode.swift; path = ImagePickerViewController.swift; sourceTree = "<group>"; };
		A2D37CD823737AFB00B42EA5 /* ExternalLinkModel.swift */ = {isa = PBXFileReference; lastKnownFileType = sourcecode.swift; path = ExternalLinkModel.swift; sourceTree = "<group>"; };
		A2D41900234FD44800764104 /* AlertObject.swift */ = {isa = PBXFileReference; lastKnownFileType = sourcecode.swift; path = AlertObject.swift; sourceTree = "<group>"; };
		A2D419022357E68E00764104 /* ActivityIndicator.swift */ = {isa = PBXFileReference; lastKnownFileType = sourcecode.swift; path = ActivityIndicator.swift; sourceTree = "<group>"; };
		A2D4190423588F6F00764104 /* SignupViewController.swift */ = {isa = PBXFileReference; lastKnownFileType = sourcecode.swift; path = SignupViewController.swift; sourceTree = "<group>"; };
		A2E44EDD23BBCCAD00C7B8D6 /* HomePlaylistView.swift */ = {isa = PBXFileReference; lastKnownFileType = sourcecode.swift; path = HomePlaylistView.swift; sourceTree = "<group>"; };
		A2E44EE023BBCEBF00C7B8D6 /* GetPlaylistViewController.swift */ = {isa = PBXFileReference; lastKnownFileType = sourcecode.swift; path = GetPlaylistViewController.swift; sourceTree = "<group>"; };
		A2E44EE223BBF15600C7B8D6 /* GetMyPlaylistsController.swift */ = {isa = PBXFileReference; lastKnownFileType = sourcecode.swift; path = GetMyPlaylistsController.swift; sourceTree = "<group>"; };
		A2E44EE523BD33F100C7B8D6 /* UserDataModel.swift */ = {isa = PBXFileReference; lastKnownFileType = sourcecode.swift; path = UserDataModel.swift; sourceTree = "<group>"; };
		A2E44EE723BFEFD500C7B8D6 /* ConfirmStartPlaylistView.swift */ = {isa = PBXFileReference; lastKnownFileType = sourcecode.swift; path = ConfirmStartPlaylistView.swift; sourceTree = "<group>"; };
		A2E44EE923C150B300C7B8D6 /* FriendsRootView.swift */ = {isa = PBXFileReference; lastKnownFileType = sourcecode.swift; path = FriendsRootView.swift; sourceTree = "<group>"; };
		A2E44EEB23C1526B00C7B8D6 /* SearchUsersView.swift */ = {isa = PBXFileReference; lastKnownFileType = sourcecode.swift; path = SearchUsersView.swift; sourceTree = "<group>"; };
		A2E44EF323C1669000C7B8D6 /* SearchUserViewController.swift */ = {isa = PBXFileReference; lastKnownFileType = sourcecode.swift; path = SearchUserViewController.swift; sourceTree = "<group>"; };
		A2E44EF623C1671A00C7B8D6 /* SearchedUserModel.swift */ = {isa = PBXFileReference; lastKnownFileType = sourcecode.swift; path = SearchedUserModel.swift; sourceTree = "<group>"; };
		A2E44EF823C16D8600C7B8D6 /* GetUserImage.swift */ = {isa = PBXFileReference; lastKnownFileType = sourcecode.swift; path = GetUserImage.swift; sourceTree = "<group>"; };
		A2E44EFA23C2904C00C7B8D6 /* ParseUsersController.swift */ = {isa = PBXFileReference; lastKnownFileType = sourcecode.swift; path = ParseUsersController.swift; sourceTree = "<group>"; };
		A2FEDB662384B64E00E27B8F /* SelectUserImageScrollView.swift */ = {isa = PBXFileReference; lastKnownFileType = sourcecode.swift; path = SelectUserImageScrollView.swift; sourceTree = "<group>"; };
		A2FEDB682385131600E27B8F /* ConfirmUserImageViewController.swift */ = {isa = PBXFileReference; lastKnownFileType = sourcecode.swift; path = ConfirmUserImageViewController.swift; sourceTree = "<group>"; };
/* End PBXFileReference section */

/* Begin PBXFrameworksBuildPhase section */
		A218907D234166B5008FBA2C /* Frameworks */ = {
			isa = PBXFrameworksBuildPhase;
			buildActionMask = 2147483647;
			files = (
				A28B6D25237CACFA0000F010 /* SpotifyiOS.framework in Frameworks */,
			);
			runOnlyForDeploymentPostprocessing = 0;
		};
		A2189093234166B8008FBA2C /* Frameworks */ = {
			isa = PBXFrameworksBuildPhase;
			buildActionMask = 2147483647;
			files = (
			);
			runOnlyForDeploymentPostprocessing = 0;
		};
		A218909E234166B8008FBA2C /* Frameworks */ = {
			isa = PBXFrameworksBuildPhase;
			buildActionMask = 2147483647;
			files = (
			);
			runOnlyForDeploymentPostprocessing = 0;
		};
/* End PBXFrameworksBuildPhase section */

/* Begin PBXGroup section */
		A20ED658237E12FA0043CC90 /* ConfirmCreateAccount */ = {
			isa = PBXGroup;
			children = (
				A20ED65B238248A70043CC90 /* SubViews */,
				A20ED659237E13930043CC90 /* ConfirmCreateAccountMainView.swift */,
			);
			path = ConfirmCreateAccount;
			sourceTree = "<group>";
		};
		A20ED65B238248A70043CC90 /* SubViews */ = {
			isa = PBXGroup;
			children = (
				A20ED65C2382490A0043CC90 /* ConfirmAccountVeiw.swift */,
				A20ED65E238249670043CC90 /* SelectUserImageView.swift */,
				A2FEDB662384B64E00E27B8F /* SelectUserImageScrollView.swift */,
				A20ED6702384A4BE0043CC90 /* ConfirmUserImageView.swift */,
			);
			path = SubViews;
			sourceTree = "<group>";
		};
		A20ED660238267D10043CC90 /* ConfirmUserController */ = {
			isa = PBXGroup;
			children = (
				A20ED6612382688E0043CC90 /* ConfirmUserViewController.swift */,
				A20ED663238272F50043CC90 /* ResendConfirmationCodeController.swift */,
				A20ED66723841EBA0043CC90 /* SelectUserImageViewController.swift */,
				A2FEDB682385131600E27B8F /* ConfirmUserImageViewController.swift */,
			);
			path = ConfirmUserController;
			sourceTree = "<group>";
		};
		A20ED669238473410043CC90 /* SpotifyDataModel */ = {
			isa = PBXGroup;
			children = (
				A20ED66A2384735B0043CC90 /* SpotifyArtistModel.swift */,
				A286383923AB4B4B00666229 /* SpotifyPlaylistModel.swift */,
				A286383D23ABF3BE00666229 /* SpotifySongModel.swift */,
				A286383F23ABF4C700666229 /* SpotifyAlbumModel.swift */,
				A286384B23AEAE1300666229 /* SpotifyConstants.swift */,
			);
			path = SpotifyDataModel;
			sourceTree = "<group>";
		};
		A2189077234166B5008FBA2C = {
			isa = PBXGroup;
			children = (
				A2189082234166B5008FBA2C /* MixItPlaylists */,
				A2189099234166B8008FBA2C /* MixItPlaylistsTests */,
				A21890A4234166B8008FBA2C /* MixItPlaylistsUITests */,
				A2189081234166B5008FBA2C /* Products */,
				A28B6D1C237CA8690000F010 /* Frameworks */,
			);
			sourceTree = "<group>";
		};
		A2189081234166B5008FBA2C /* Products */ = {
			isa = PBXGroup;
			children = (
				A2189080234166B5008FBA2C /* Mix It Playlists.app */,
				A2189096234166B8008FBA2C /* MixItPlaylistsTests.xctest */,
				A21890A1234166B8008FBA2C /* MixItPlaylistsUITests.xctest */,
			);
			name = Products;
			sourceTree = "<group>";
		};
		A2189082234166B5008FBA2C /* MixItPlaylists */ = {
			isa = PBXGroup;
			children = (
				A21890B923417ECC008FBA2C /* Controller */,
				A21890B823417EC6008FBA2C /* Model */,
				A21890B723417EBC008FBA2C /* View */,
				A2189083234166B5008FBA2C /* AppDelegate.swift */,
				A2189085234166B5008FBA2C /* SceneDelegate.swift */,
				A2189089234166B8008FBA2C /* Assets.xcassets */,
				A218908E234166B8008FBA2C /* LaunchScreen.storyboard */,
				A2189091234166B8008FBA2C /* Info.plist */,
				A28B6D1F237CAAA40000F010 /* MixItPlaylists-Bridging-Header.h */,
				A218908B234166B8008FBA2C /* Preview Content */,
			);
			path = MixItPlaylists;
			sourceTree = "<group>";
		};
		A218908B234166B8008FBA2C /* Preview Content */ = {
			isa = PBXGroup;
			children = (
				A218908C234166B8008FBA2C /* Preview Assets.xcassets */,
			);
			path = "Preview Content";
			sourceTree = "<group>";
		};
		A2189099234166B8008FBA2C /* MixItPlaylistsTests */ = {
			isa = PBXGroup;
			children = (
				A218909A234166B8008FBA2C /* MixItPlaylistsTests.swift */,
				A218909C234166B8008FBA2C /* Info.plist */,
			);
			path = MixItPlaylistsTests;
			sourceTree = "<group>";
		};
		A21890A4234166B8008FBA2C /* MixItPlaylistsUITests */ = {
			isa = PBXGroup;
			children = (
				A21890A5234166B8008FBA2C /* MixItPlaylistsUITests.swift */,
				A21890A7234166B8008FBA2C /* Info.plist */,
			);
			path = MixItPlaylistsUITests;
			sourceTree = "<group>";
		};
		A21890B723417EBC008FBA2C /* View */ = {
			isa = PBXGroup;
			children = (
				A286384123AC064B00666229 /* SpotifySongListViews */,
				A286382F23AB336100666229 /* TESTING_ONLY__TO_BE_DELETED */,
				A22CE68223AAD3250004F219 /* HostPlaylistView */,
				A2B9342E237C945A00EAF4FB /* SpotifyAuthView */,
				A2B9342D237B86D600EAF4FB /* SocialView */,
				A28116F52368C3DF009E3AD7 /* CreatePlaylistView */,
				A2B86A58235B89B700CAF91B /* HomeView */,
				A21890C52341A5F7008FBA2C /* CustomUIComponents */,
				A21890BB23417EE6008FBA2C /* StartupView */,
				A28116F023680070009E3AD7 /* RootView.swift */,
			);
			path = View;
			sourceTree = "<group>";
		};
		A21890B823417EC6008FBA2C /* Model */ = {
			isa = PBXGroup;
			children = (
				A2E44EF523C166EC00C7B8D6 /* MixItSocialModels */,
				A2E44EE423BD33DB00C7B8D6 /* UserDataModel */,
				A290780E238DDB3A007DE5C2 /* KeychainModel */,
				A20ED669238473410043CC90 /* SpotifyDataModel */,
				A2D37CD723737AD600B42EA5 /* ExternalLinkModel */,
				A28116FE2368D117009E3AD7 /* MixItPlaylistModel */,
				A28116F223680098009E3AD7 /* ViewModel */,
				A2D418FF234FD42D00764104 /* UIComponentModels */,
				A26C17B42346C41D00F8396B /* WebServiceModels */,
			);
			path = Model;
			sourceTree = "<group>";
		};
		A21890B923417ECC008FBA2C /* Controller */ = {
			isa = PBXGroup;
			children = (
				A2E44EF223C1667A00C7B8D6 /* SocialViewControllers */,
				A286384423AC06C100666229 /* SpotifySongListViewControllers */,
				A286383623AB3BE200666229 /* SpotifySongViewControllers */,
				A286383523AB3BBE00666229 /* SpotifyPlaylistViewControllers */,
				A286383223AB387C00666229 /* HostPlaylistViewControllers */,
				A2A19E7023A6ECDD00877B9E /* SpotifyAuthController */,
				A2CF86AF23A0CB3800E65797 /* UIViewControllers */,
				A252CFCB239F2DC100BDC009 /* CreatePlaylistViewController */,
				A290780B238DB794007DE5C2 /* KeychainController */,
				A245DF6C237D1FD8003C7959 /* NavigationControllers */,
				A2B86A59235B89BE00CAF91B /* HomeViewControllers */,
				A26C17AE2346C08400F8396B /* WebServices */,
				A26C17AB2346BB6B00F8396B /* StartupControllers */,
			);
			path = Controller;
			sourceTree = "<group>";
		};
		A21890BB23417EE6008FBA2C /* StartupView */ = {
			isa = PBXGroup;
			children = (
				A20ED658237E12FA0043CC90 /* ConfirmCreateAccount */,
				A2B8FB76237A23530053E608 /* ForgotPassword */,
				A21890BC23417F4D008FBA2C /* Tabs */,
				A2189087234166B5008FBA2C /* StartupTabView.swift */,
				A21890C323418A1A008FBA2C /* AppIconView.swift */,
				A25317052391007E003A41D1 /* LaunchScreenView.swift */,
			);
			path = StartupView;
			sourceTree = "<group>";
		};
		A21890BC23417F4D008FBA2C /* Tabs */ = {
			isa = PBXGroup;
			children = (
				A21890BD23417F72008FBA2C /* LoginView.swift */,
				A21890BF23417F90008FBA2C /* SignupView.swift */,
				A21890C123417F9E008FBA2C /* InfoView.swift */,
			);
			path = Tabs;
			sourceTree = "<group>";
		};
		A21890C52341A5F7008FBA2C /* CustomUIComponents */ = {
			isa = PBXGroup;
			children = (
				A21890C82341B2E0008FBA2C /* RoundedTextField.swift */,
				A2D419022357E68E00764104 /* ActivityIndicator.swift */,
				A286384923AD4B8E00666229 /* ProgressBar.swift */,
			);
			path = CustomUIComponents;
			sourceTree = "<group>";
		};
		A22CE68223AAD3250004F219 /* HostPlaylistView */ = {
			isa = PBXGroup;
			children = (
				A22CE68323AAD33F0004F219 /* HostPlaylistRootView.swift */,
				A286382D23AB304000666229 /* HostPlaylistSongTabView.swift */,
				A2162F3D23B93BDE00DE33C5 /* HostPlaylistCurrentSongPlayerView.swift */,
			);
			path = HostPlaylistView;
			sourceTree = "<group>";
		};
		A245DF6C237D1FD8003C7959 /* NavigationControllers */ = {
			isa = PBXGroup;
			children = (
				A245DF6D237D2005003C7959 /* NavigationConfigurator.swift */,
			);
			path = NavigationControllers;
			sourceTree = "<group>";
		};
		A252CFCB239F2DC100BDC009 /* CreatePlaylistViewController */ = {
			isa = PBXGroup;
			children = (
				A252CFCC239F2E8600BDC009 /* CreatePlaylistViewController.swift */,
			);
			path = CreatePlaylistViewController;
			sourceTree = "<group>";
		};
		A25317072391945D003A41D1 /* InfoViews */ = {
			isa = PBXGroup;
			children = (
				A25317082391947F003A41D1 /* HomeInfoView.swift */,
			);
			path = InfoViews;
			sourceTree = "<group>";
		};
		A253170A239195D7003A41D1 /* InfoViewControllers */ = {
			isa = PBXGroup;
			children = (
				A253170B23919604003A41D1 /* LogoutViewController.swift */,
			);
			path = InfoViewControllers;
			sourceTree = "<group>";
		};
		A26C17AB2346BB6B00F8396B /* StartupControllers */ = {
			isa = PBXGroup;
			children = (
				A20ED660238267D10043CC90 /* ConfirmUserController */,
				A2B93428237B70F700EAF4FB /* ForgotPasswordControllers */,
				A26C17AC2346BB9E00F8396B /* LoginViewController.swift */,
				A2D4190423588F6F00764104 /* SignupViewController.swift */,
				A253170323906BEE003A41D1 /* StartupAuthViewController.swift */,
			);
			path = StartupControllers;
			sourceTree = "<group>";
		};
		A26C17AE2346C08400F8396B /* WebServices */ = {
			isa = PBXGroup;
			children = (
				A26C17B22346C2D700F8396B /* APINetworkController.swift */,
				A20ED66523841D5E0043CC90 /* SpotifyWebAPIController.swift */,
			);
			path = WebServices;
			sourceTree = "<group>";
		};
		A26C17B42346C41D00F8396B /* WebServiceModels */ = {
			isa = PBXGroup;
			children = (
				A26C17B52346C43400F8396B /* APIRequest.swift */,
				A26C17B72346CCE600F8396B /* APIResponse.swift */,
				A20ED66C238475B90043CC90 /* SpotifyAPIRequest.swift */,
				A20ED66E238475C90043CC90 /* SpotifyAPIResponse.swift */,
			);
			path = WebServiceModels;
			sourceTree = "<group>";
		};
		A28116F223680098009E3AD7 /* ViewModel */ = {
			isa = PBXGroup;
			children = (
				A28116F3236800D5009E3AD7 /* RootViewModel.swift */,
			);
			path = ViewModel;
			sourceTree = "<group>";
		};
		A28116F52368C3DF009E3AD7 /* CreatePlaylistView */ = {
			isa = PBXGroup;
			children = (
				A28116F62368C41A009E3AD7 /* CreatePlaylistView.swift */,
			);
			path = CreatePlaylistView;
			sourceTree = "<group>";
		};
		A28116FE2368D117009E3AD7 /* MixItPlaylistModel */ = {
			isa = PBXGroup;
			children = (
				A28116FF2368D12C009E3AD7 /* MixItPlaylistModel.swift */,
			);
			path = MixItPlaylistModel;
			sourceTree = "<group>";
		};
		A286382F23AB336100666229 /* TESTING_ONLY__TO_BE_DELETED */ = {
			isa = PBXGroup;
			children = (
				A286383023AB338700666229 /* TestView.swift */,
			);
			path = TESTING_ONLY__TO_BE_DELETED;
			sourceTree = "<group>";
		};
		A286383223AB387C00666229 /* HostPlaylistViewControllers */ = {
			isa = PBXGroup;
			children = (
				A286383323AB38AF00666229 /* HostPlaylistViewController.swift */,
			);
			path = HostPlaylistViewControllers;
			sourceTree = "<group>";
		};
		A286383523AB3BBE00666229 /* SpotifyPlaylistViewControllers */ = {
			isa = PBXGroup;
			children = (
				A286383723AB3C3400666229 /* GetSpotifyPlaylistViewController.swift */,
			);
			path = SpotifyPlaylistViewControllers;
			sourceTree = "<group>";
		};
		A286383623AB3BE200666229 /* SpotifySongViewControllers */ = {
			isa = PBXGroup;
			children = (
				A286383B23ABF2D000666229 /* GetSpotifySongsViewController.swift */,
			);
			path = SpotifySongViewControllers;
			sourceTree = "<group>";
		};
		A286384123AC064B00666229 /* SpotifySongListViews */ = {
			isa = PBXGroup;
			children = (
				A286384223AC066900666229 /* SpotifySongListView.swift */,
				A286384723AC25C900666229 /* SpotifyHostCurrentSongView.swift */,
			);
			path = SpotifySongListViews;
			sourceTree = "<group>";
		};
		A286384423AC06C100666229 /* SpotifySongListViewControllers */ = {
			isa = PBXGroup;
			children = (
				A286384523AC06D900666229 /* SpotifySongListViewController.swift */,
			);
			path = SpotifySongListViewControllers;
			sourceTree = "<group>";
		};
		A28B6D1C237CA8690000F010 /* Frameworks */ = {
			isa = PBXGroup;
			children = (
				A28B6D24237CACF90000F010 /* SpotifyiOS.framework */,
			);
			name = Frameworks;
			sourceTree = "<group>";
		};
		A290780B238DB794007DE5C2 /* KeychainController */ = {
			isa = PBXGroup;
			children = (
				A290780C238DB7B9007DE5C2 /* KeychainController.swift */,
			);
			path = KeychainController;
			sourceTree = "<group>";
		};
		A290780E238DDB3A007DE5C2 /* KeychainModel */ = {
			isa = PBXGroup;
			children = (
				A290780F238DDB54007DE5C2 /* KeychainModel.swift */,
			);
			path = KeychainModel;
			sourceTree = "<group>";
		};
		A2A19E7023A6ECDD00877B9E /* SpotifyAuthController */ = {
			isa = PBXGroup;
			children = (
				A2A19E7123A6ECF600877B9E /* SpotifyAuthController.swift */,
			);
			path = SpotifyAuthController;
			sourceTree = "<group>";
		};
		A2B86A58235B89B700CAF91B /* HomeView */ = {
			isa = PBXGroup;
			children = (
				A2E44EDC23BBCC9D00C7B8D6 /* HomePlaylistView */,
				A25317072391945D003A41D1 /* InfoViews */,
				A26FE72B235EC3F700136EB3 /* HomePageView.swift */,
			);
			path = HomeView;
			sourceTree = "<group>";
		};
		A2B86A59235B89BE00CAF91B /* HomeViewControllers */ = {
			isa = PBXGroup;
			children = (
				A2E44EDF23BBCEA900C7B8D6 /* PlaylistViewControllers */,
				A253170A239195D7003A41D1 /* InfoViewControllers */,
			);
			path = HomeViewControllers;
			sourceTree = "<group>";
		};
		A2B8FB76237A23530053E608 /* ForgotPassword */ = {
			isa = PBXGroup;
			children = (
				A2B93423237B51F700EAF4FB /* SubViews */,
				A2B8FB77237A237C0053E608 /* ForgotPasswordView.swift */,
			);
			path = ForgotPassword;
			sourceTree = "<group>";
		};
		A2B93423237B51F700EAF4FB /* SubViews */ = {
			isa = PBXGroup;
			children = (
				A2B93424237B521500EAF4FB /* GetForgotPasswordCodeView.swift */,
				A2B93426237B525800EAF4FB /* ChangePasswordView.swift */,
			);
			path = SubViews;
			sourceTree = "<group>";
		};
		A2B93428237B70F700EAF4FB /* ForgotPasswordControllers */ = {
			isa = PBXGroup;
			children = (
				A2B93429237B712200EAF4FB /* ForgotPasswordViewController.swift */,
				A2B9342B237B712F00EAF4FB /* ChangePasswordViewController.swift */,
			);
			path = ForgotPasswordControllers;
			sourceTree = "<group>";
		};
		A2B9342D237B86D600EAF4FB /* SocialView */ = {
			isa = PBXGroup;
			children = (
				A2E44EE923C150B300C7B8D6 /* FriendsRootView.swift */,
				A2E44EEB23C1526B00C7B8D6 /* SearchUsersView.swift */,
			);
			path = SocialView;
			sourceTree = "<group>";
		};
		A2B9342E237C945A00EAF4FB /* SpotifyAuthView */ = {
			isa = PBXGroup;
			children = (
				A2B9342F237C949A00EAF4FB /* SpotifyAuthView.swift */,
				A28B6D1A237CA7230000F010 /* SpotifyAuthHelpView.swift */,
			);
			path = SpotifyAuthView;
			sourceTree = "<group>";
		};
		A2CF86AF23A0CB3800E65797 /* UIViewControllers */ = {
			isa = PBXGroup;
			children = (
				A2CF86B023A0CB5300E65797 /* ImagePickerViewController.swift */,
			);
			path = UIViewControllers;
			sourceTree = "<group>";
		};
		A2D37CD723737AD600B42EA5 /* ExternalLinkModel */ = {
			isa = PBXGroup;
			children = (
				A2D37CD823737AFB00B42EA5 /* ExternalLinkModel.swift */,
			);
			path = ExternalLinkModel;
			sourceTree = "<group>";
		};
		A2D418FF234FD42D00764104 /* UIComponentModels */ = {
			isa = PBXGroup;
			children = (
				A2D41900234FD44800764104 /* AlertObject.swift */,
			);
			path = UIComponentModels;
			sourceTree = "<group>";
		};
		A2E44EDC23BBCC9D00C7B8D6 /* HomePlaylistView */ = {
			isa = PBXGroup;
			children = (
				A2E44EDD23BBCCAD00C7B8D6 /* HomePlaylistView.swift */,
				A2E44EE723BFEFD500C7B8D6 /* ConfirmStartPlaylistView.swift */,
			);
			path = HomePlaylistView;
			sourceTree = "<group>";
		};
		A2E44EDF23BBCEA900C7B8D6 /* PlaylistViewControllers */ = {
			isa = PBXGroup;
			children = (
				A2E44EE023BBCEBF00C7B8D6 /* GetPlaylistViewController.swift */,
				A2E44EE223BBF15600C7B8D6 /* GetMyPlaylistsController.swift */,
			);
			path = PlaylistViewControllers;
			sourceTree = "<group>";
		};
		A2E44EE423BD33DB00C7B8D6 /* UserDataModel */ = {
			isa = PBXGroup;
			children = (
				A2E44EE523BD33F100C7B8D6 /* UserDataModel.swift */,
			);
			path = UserDataModel;
			sourceTree = "<group>";
		};
		A2E44EF223C1667A00C7B8D6 /* SocialViewControllers */ = {
			isa = PBXGroup;
			children = (
				A2E44EF323C1669000C7B8D6 /* SearchUserViewController.swift */,
				A2E44EF823C16D8600C7B8D6 /* GetUserImage.swift */,
				A2E44EFA23C2904C00C7B8D6 /* ParseUsersController.swift */,
				A26B2A6E23C52CBF00C73D25 /* GetFriendsAndRequestsController.swift */,
			);
			path = SocialViewControllers;
			sourceTree = "<group>";
		};
		A2E44EF523C166EC00C7B8D6 /* MixItSocialModels */ = {
			isa = PBXGroup;
			children = (
				A2E44EF623C1671A00C7B8D6 /* SearchedUserModel.swift */,
				A26B2A7023C52D8C00C73D25 /* UserFriendsModel.swift */,
			);
			path = MixItSocialModels;
			sourceTree = "<group>";
		};
/* End PBXGroup section */

/* Begin PBXNativeTarget section */
		A218907F234166B5008FBA2C /* MixItPlaylists */ = {
			isa = PBXNativeTarget;
			buildConfigurationList = A21890AA234166B8008FBA2C /* Build configuration list for PBXNativeTarget "MixItPlaylists" */;
			buildPhases = (
				A218907C234166B5008FBA2C /* Sources */,
				A218907D234166B5008FBA2C /* Frameworks */,
				A218907E234166B5008FBA2C /* Resources */,
			);
			buildRules = (
			);
			dependencies = (
			);
			name = MixItPlaylists;
			productName = MixItPlaylists;
			productReference = A2189080234166B5008FBA2C /* Mix It Playlists.app */;
			productType = "com.apple.product-type.application";
		};
		A2189095234166B8008FBA2C /* MixItPlaylistsTests */ = {
			isa = PBXNativeTarget;
			buildConfigurationList = A21890AD234166B8008FBA2C /* Build configuration list for PBXNativeTarget "MixItPlaylistsTests" */;
			buildPhases = (
				A2189092234166B8008FBA2C /* Sources */,
				A2189093234166B8008FBA2C /* Frameworks */,
				A2189094234166B8008FBA2C /* Resources */,
			);
			buildRules = (
			);
			dependencies = (
				A2189098234166B8008FBA2C /* PBXTargetDependency */,
			);
			name = MixItPlaylistsTests;
			productName = MixItPlaylistsTests;
			productReference = A2189096234166B8008FBA2C /* MixItPlaylistsTests.xctest */;
			productType = "com.apple.product-type.bundle.unit-test";
		};
		A21890A0234166B8008FBA2C /* MixItPlaylistsUITests */ = {
			isa = PBXNativeTarget;
			buildConfigurationList = A21890B0234166B8008FBA2C /* Build configuration list for PBXNativeTarget "MixItPlaylistsUITests" */;
			buildPhases = (
				A218909D234166B8008FBA2C /* Sources */,
				A218909E234166B8008FBA2C /* Frameworks */,
				A218909F234166B8008FBA2C /* Resources */,
			);
			buildRules = (
			);
			dependencies = (
				A21890A3234166B8008FBA2C /* PBXTargetDependency */,
			);
			name = MixItPlaylistsUITests;
			productName = MixItPlaylistsUITests;
			productReference = A21890A1234166B8008FBA2C /* MixItPlaylistsUITests.xctest */;
			productType = "com.apple.product-type.bundle.ui-testing";
		};
/* End PBXNativeTarget section */

/* Begin PBXProject section */
		A2189078234166B5008FBA2C /* Project object */ = {
			isa = PBXProject;
			attributes = {
				LastSwiftUpdateCheck = 1110;
				LastUpgradeCheck = 1110;
				ORGANIZATIONNAME = MixIt;
				TargetAttributes = {
					A218907F234166B5008FBA2C = {
						CreatedOnToolsVersion = 11.1;
					};
					A2189095234166B8008FBA2C = {
						CreatedOnToolsVersion = 11.1;
						TestTargetID = A218907F234166B5008FBA2C;
					};
					A21890A0234166B8008FBA2C = {
						CreatedOnToolsVersion = 11.1;
						TestTargetID = A218907F234166B5008FBA2C;
					};
				};
			};
			buildConfigurationList = A218907B234166B5008FBA2C /* Build configuration list for PBXProject "MixItPlaylists" */;
			compatibilityVersion = "Xcode 9.3";
			developmentRegion = en;
			hasScannedForEncodings = 0;
			knownRegions = (
				en,
				Base,
			);
			mainGroup = A2189077234166B5008FBA2C;
			productRefGroup = A2189081234166B5008FBA2C /* Products */;
			projectDirPath = "";
			projectRoot = "";
			targets = (
				A218907F234166B5008FBA2C /* MixItPlaylists */,
				A2189095234166B8008FBA2C /* MixItPlaylistsTests */,
				A21890A0234166B8008FBA2C /* MixItPlaylistsUITests */,
			);
		};
/* End PBXProject section */

/* Begin PBXResourcesBuildPhase section */
		A218907E234166B5008FBA2C /* Resources */ = {
			isa = PBXResourcesBuildPhase;
			buildActionMask = 2147483647;
			files = (
				A2189090234166B8008FBA2C /* LaunchScreen.storyboard in Resources */,
				A218908D234166B8008FBA2C /* Preview Assets.xcassets in Resources */,
				A218908A234166B8008FBA2C /* Assets.xcassets in Resources */,
			);
			runOnlyForDeploymentPostprocessing = 0;
		};
		A2189094234166B8008FBA2C /* Resources */ = {
			isa = PBXResourcesBuildPhase;
			buildActionMask = 2147483647;
			files = (
			);
			runOnlyForDeploymentPostprocessing = 0;
		};
		A218909F234166B8008FBA2C /* Resources */ = {
			isa = PBXResourcesBuildPhase;
			buildActionMask = 2147483647;
			files = (
			);
			runOnlyForDeploymentPostprocessing = 0;
		};
/* End PBXResourcesBuildPhase section */

/* Begin PBXSourcesBuildPhase section */
		A218907C234166B5008FBA2C /* Sources */ = {
			isa = PBXSourcesBuildPhase;
			buildActionMask = 2147483647;
			files = (
				A26C17AD2346BB9E00F8396B /* LoginViewController.swift in Sources */,
				A286384323AC066900666229 /* SpotifySongListView.swift in Sources */,
				A2E44EE623BD33F100C7B8D6 /* UserDataModel.swift in Sources */,
				A2E44EE323BBF15600C7B8D6 /* GetMyPlaylistsController.swift in Sources */,
				A21890C423418A1A008FBA2C /* AppIconView.swift in Sources */,
				A2189084234166B5008FBA2C /* AppDelegate.swift in Sources */,
				A26C17B32346C2D700F8396B /* APINetworkController.swift in Sources */,
				A286384823AC25C900666229 /* SpotifyHostCurrentSongView.swift in Sources */,
				A2D419032357E68E00764104 /* ActivityIndicator.swift in Sources */,
				A286384C23AEAE1300666229 /* SpotifyConstants.swift in Sources */,
				A2E44EEA23C150B300C7B8D6 /* FriendsRootView.swift in Sources */,
				A2A19E7223A6ECF600877B9E /* SpotifyAuthController.swift in Sources */,
				A2189086234166B5008FBA2C /* SceneDelegate.swift in Sources */,
				A2E44EF723C1671A00C7B8D6 /* SearchedUserModel.swift in Sources */,
				A286383E23ABF3BE00666229 /* SpotifySongModel.swift in Sources */,
				A20ED65D2382490A0043CC90 /* ConfirmAccountVeiw.swift in Sources */,
				A26C17B82346CCE600F8396B /* APIResponse.swift in Sources */,
				A2162F3E23B93BDE00DE33C5 /* HostPlaylistCurrentSongPlayerView.swift in Sources */,
				A26B2A7123C52D8C00C73D25 /* UserFriendsModel.swift in Sources */,
				A286383C23ABF2D000666229 /* GetSpotifySongsViewController.swift in Sources */,
				A21890C92341B2E0008FBA2C /* RoundedTextField.swift in Sources */,
				A2E44EDE23BBCCAD00C7B8D6 /* HomePlaylistView.swift in Sources */,
				A2B93425237B521500EAF4FB /* GetForgotPasswordCodeView.swift in Sources */,
				A286384623AC06D900666229 /* SpotifySongListViewController.swift in Sources */,
				A2E44EF923C16D8600C7B8D6 /* GetUserImage.swift in Sources */,
				A253170423906BEE003A41D1 /* StartupAuthViewController.swift in Sources */,
				A2D37CD923737AFB00B42EA5 /* ExternalLinkModel.swift in Sources */,
				A28116F72368C41A009E3AD7 /* CreatePlaylistView.swift in Sources */,
				A2B8FB78237A237C0053E608 /* ForgotPasswordView.swift in Sources */,
				A20ED66623841D5E0043CC90 /* SpotifyWebAPIController.swift in Sources */,
				A2FEDB692385131600E27B8F /* ConfirmUserImageViewController.swift in Sources */,
				A286383A23AB4B4B00666229 /* SpotifyPlaylistModel.swift in Sources */,
				A2907810238DDB54007DE5C2 /* KeychainModel.swift in Sources */,
				A20ED6712384A4BE0043CC90 /* ConfirmUserImageView.swift in Sources */,
				A286382E23AB304000666229 /* HostPlaylistSongTabView.swift in Sources */,
				A21890BE23417F72008FBA2C /* LoginView.swift in Sources */,
				A22CE68423AAD33F0004F219 /* HostPlaylistRootView.swift in Sources */,
				A2E44EE123BBCEBF00C7B8D6 /* GetPlaylistViewController.swift in Sources */,
				A2B9342C237B712F00EAF4FB /* ChangePasswordViewController.swift in Sources */,
				A26C17B62346C43400F8396B /* APIRequest.swift in Sources */,
				A2189088234166B5008FBA2C /* StartupTabView.swift in Sources */,
				A21890C223417F9E008FBA2C /* InfoView.swift in Sources */,
				A2E44EEC23C1526B00C7B8D6 /* SearchUsersView.swift in Sources */,
				A25317062391007E003A41D1 /* LaunchScreenView.swift in Sources */,
				A20ED664238272F50043CC90 /* ResendConfirmationCodeController.swift in Sources */,
				A286384A23AD4B8E00666229 /* ProgressBar.swift in Sources */,
				A286383123AB338700666229 /* TestView.swift in Sources */,
				A20ED65F238249670043CC90 /* SelectUserImageView.swift in Sources */,
				A2D4190523588F6F00764104 /* SignupViewController.swift in Sources */,
				A28117002368D12C009E3AD7 /* MixItPlaylistModel.swift in Sources */,
				A2B93427237B525800EAF4FB /* ChangePasswordView.swift in Sources */,
				A25317092391947F003A41D1 /* HomeInfoView.swift in Sources */,
				A20ED66F238475C90043CC90 /* SpotifyAPIResponse.swift in Sources */,
				A21890C023417F90008FBA2C /* SignupView.swift in Sources */,
				A20ED6622382688E0043CC90 /* ConfirmUserViewController.swift in Sources */,
				A20ED66D238475B90043CC90 /* SpotifyAPIRequest.swift in Sources */,
				A245DF6E237D2005003C7959 /* NavigationConfigurator.swift in Sources */,
				A28B6D1B237CA7230000F010 /* SpotifyAuthHelpView.swift in Sources */,
				A2E44EF423C1669000C7B8D6 /* SearchUserViewController.swift in Sources */,
				A290780D238DB7B9007DE5C2 /* KeychainController.swift in Sources */,
				A253170C23919604003A41D1 /* LogoutViewController.swift in Sources */,
				A2E44EFB23C2904C00C7B8D6 /* ParseUsersController.swift in Sources */,
				A28116F123680070009E3AD7 /* RootView.swift in Sources */,
				A26FE72C235EC3F700136EB3 /* HomePageView.swift in Sources */,
				A2B9342A237B712200EAF4FB /* ForgotPasswordViewController.swift in Sources */,
				A2E44EE823BFEFD500C7B8D6 /* ConfirmStartPlaylistView.swift in Sources */,
				A28116F4236800D5009E3AD7 /* RootViewModel.swift in Sources */,
				A20ED65A237E13930043CC90 /* ConfirmCreateAccountMainView.swift in Sources */,
				A20ED66823841EBA0043CC90 /* SelectUserImageViewController.swift in Sources */,
				A2CF86B123A0CB5300E65797 /* ImagePickerViewController.swift in Sources */,
				A20ED66B2384735B0043CC90 /* SpotifyArtistModel.swift in Sources */,
				A252CFCD239F2E8600BDC009 /* CreatePlaylistViewController.swift in Sources */,
				A286384023ABF4C700666229 /* SpotifyAlbumModel.swift in Sources */,
				A286383823AB3C3400666229 /* GetSpotifyPlaylistViewController.swift in Sources */,
				A2FEDB672384B64E00E27B8F /* SelectUserImageScrollView.swift in Sources */,
				A2D41901234FD44800764104 /* AlertObject.swift in Sources */,
				A286383423AB38AF00666229 /* HostPlaylistViewController.swift in Sources */,
				A26B2A6F23C52CBF00C73D25 /* GetFriendsAndRequestsController.swift in Sources */,
				A2B93430237C949A00EAF4FB /* SpotifyAuthView.swift in Sources */,
			);
			runOnlyForDeploymentPostprocessing = 0;
		};
		A2189092234166B8008FBA2C /* Sources */ = {
			isa = PBXSourcesBuildPhase;
			buildActionMask = 2147483647;
			files = (
				A218909B234166B8008FBA2C /* MixItPlaylistsTests.swift in Sources */,
			);
			runOnlyForDeploymentPostprocessing = 0;
		};
		A218909D234166B8008FBA2C /* Sources */ = {
			isa = PBXSourcesBuildPhase;
			buildActionMask = 2147483647;
			files = (
				A21890A6234166B8008FBA2C /* MixItPlaylistsUITests.swift in Sources */,
			);
			runOnlyForDeploymentPostprocessing = 0;
		};
/* End PBXSourcesBuildPhase section */

/* Begin PBXTargetDependency section */
		A2189098234166B8008FBA2C /* PBXTargetDependency */ = {
			isa = PBXTargetDependency;
			target = A218907F234166B5008FBA2C /* MixItPlaylists */;
			targetProxy = A2189097234166B8008FBA2C /* PBXContainerItemProxy */;
		};
		A21890A3234166B8008FBA2C /* PBXTargetDependency */ = {
			isa = PBXTargetDependency;
			target = A218907F234166B5008FBA2C /* MixItPlaylists */;
			targetProxy = A21890A2234166B8008FBA2C /* PBXContainerItemProxy */;
		};
/* End PBXTargetDependency section */

/* Begin PBXVariantGroup section */
		A218908E234166B8008FBA2C /* LaunchScreen.storyboard */ = {
			isa = PBXVariantGroup;
			children = (
				A218908F234166B8008FBA2C /* Base */,
			);
			name = LaunchScreen.storyboard;
			sourceTree = "<group>";
		};
/* End PBXVariantGroup section */

/* Begin XCBuildConfiguration section */
		A21890A8234166B8008FBA2C /* Debug */ = {
			isa = XCBuildConfiguration;
			buildSettings = {
				ALWAYS_SEARCH_USER_PATHS = NO;
				CLANG_ANALYZER_NONNULL = YES;
				CLANG_ANALYZER_NUMBER_OBJECT_CONVERSION = YES_AGGRESSIVE;
				CLANG_CXX_LANGUAGE_STANDARD = "gnu++14";
				CLANG_CXX_LIBRARY = "libc++";
				CLANG_ENABLE_MODULES = YES;
				CLANG_ENABLE_OBJC_ARC = YES;
				CLANG_ENABLE_OBJC_WEAK = YES;
				CLANG_WARN_BLOCK_CAPTURE_AUTORELEASING = YES;
				CLANG_WARN_BOOL_CONVERSION = YES;
				CLANG_WARN_COMMA = YES;
				CLANG_WARN_CONSTANT_CONVERSION = YES;
				CLANG_WARN_DEPRECATED_OBJC_IMPLEMENTATIONS = YES;
				CLANG_WARN_DIRECT_OBJC_ISA_USAGE = YES_ERROR;
				CLANG_WARN_DOCUMENTATION_COMMENTS = YES;
				CLANG_WARN_EMPTY_BODY = YES;
				CLANG_WARN_ENUM_CONVERSION = YES;
				CLANG_WARN_INFINITE_RECURSION = YES;
				CLANG_WARN_INT_CONVERSION = YES;
				CLANG_WARN_NON_LITERAL_NULL_CONVERSION = YES;
				CLANG_WARN_OBJC_IMPLICIT_RETAIN_SELF = YES;
				CLANG_WARN_OBJC_LITERAL_CONVERSION = YES;
				CLANG_WARN_OBJC_ROOT_CLASS = YES_ERROR;
				CLANG_WARN_RANGE_LOOP_ANALYSIS = YES;
				CLANG_WARN_STRICT_PROTOTYPES = YES;
				CLANG_WARN_SUSPICIOUS_MOVE = YES;
				CLANG_WARN_UNGUARDED_AVAILABILITY = YES_AGGRESSIVE;
				CLANG_WARN_UNREACHABLE_CODE = YES;
				CLANG_WARN__DUPLICATE_METHOD_MATCH = YES;
				COPY_PHASE_STRIP = NO;
				DEBUG_INFORMATION_FORMAT = dwarf;
				ENABLE_STRICT_OBJC_MSGSEND = YES;
				ENABLE_TESTABILITY = YES;
				GCC_C_LANGUAGE_STANDARD = gnu11;
				GCC_DYNAMIC_NO_PIC = NO;
				GCC_NO_COMMON_BLOCKS = YES;
				GCC_OPTIMIZATION_LEVEL = 0;
				GCC_PREPROCESSOR_DEFINITIONS = (
					"DEBUG=1",
					"$(inherited)",
				);
				GCC_WARN_64_TO_32_BIT_CONVERSION = YES;
				GCC_WARN_ABOUT_RETURN_TYPE = YES_ERROR;
				GCC_WARN_UNDECLARED_SELECTOR = YES;
				GCC_WARN_UNINITIALIZED_AUTOS = YES_AGGRESSIVE;
				GCC_WARN_UNUSED_FUNCTION = YES;
				GCC_WARN_UNUSED_VARIABLE = YES;
				IPHONEOS_DEPLOYMENT_TARGET = 13.0;
				MTL_ENABLE_DEBUG_INFO = INCLUDE_SOURCE;
				MTL_FAST_MATH = YES;
				ONLY_ACTIVE_ARCH = YES;
				SDKROOT = iphoneos;
				SWIFT_ACTIVE_COMPILATION_CONDITIONS = DEBUG;
				SWIFT_OPTIMIZATION_LEVEL = "-Onone";
			};
			name = Debug;
		};
		A21890A9234166B8008FBA2C /* Release */ = {
			isa = XCBuildConfiguration;
			buildSettings = {
				ALWAYS_SEARCH_USER_PATHS = NO;
				CLANG_ANALYZER_NONNULL = YES;
				CLANG_ANALYZER_NUMBER_OBJECT_CONVERSION = YES_AGGRESSIVE;
				CLANG_CXX_LANGUAGE_STANDARD = "gnu++14";
				CLANG_CXX_LIBRARY = "libc++";
				CLANG_ENABLE_MODULES = YES;
				CLANG_ENABLE_OBJC_ARC = YES;
				CLANG_ENABLE_OBJC_WEAK = YES;
				CLANG_WARN_BLOCK_CAPTURE_AUTORELEASING = YES;
				CLANG_WARN_BOOL_CONVERSION = YES;
				CLANG_WARN_COMMA = YES;
				CLANG_WARN_CONSTANT_CONVERSION = YES;
				CLANG_WARN_DEPRECATED_OBJC_IMPLEMENTATIONS = YES;
				CLANG_WARN_DIRECT_OBJC_ISA_USAGE = YES_ERROR;
				CLANG_WARN_DOCUMENTATION_COMMENTS = YES;
				CLANG_WARN_EMPTY_BODY = YES;
				CLANG_WARN_ENUM_CONVERSION = YES;
				CLANG_WARN_INFINITE_RECURSION = YES;
				CLANG_WARN_INT_CONVERSION = YES;
				CLANG_WARN_NON_LITERAL_NULL_CONVERSION = YES;
				CLANG_WARN_OBJC_IMPLICIT_RETAIN_SELF = YES;
				CLANG_WARN_OBJC_LITERAL_CONVERSION = YES;
				CLANG_WARN_OBJC_ROOT_CLASS = YES_ERROR;
				CLANG_WARN_RANGE_LOOP_ANALYSIS = YES;
				CLANG_WARN_STRICT_PROTOTYPES = YES;
				CLANG_WARN_SUSPICIOUS_MOVE = YES;
				CLANG_WARN_UNGUARDED_AVAILABILITY = YES_AGGRESSIVE;
				CLANG_WARN_UNREACHABLE_CODE = YES;
				CLANG_WARN__DUPLICATE_METHOD_MATCH = YES;
				COPY_PHASE_STRIP = NO;
				DEBUG_INFORMATION_FORMAT = "dwarf-with-dsym";
				ENABLE_NS_ASSERTIONS = NO;
				ENABLE_STRICT_OBJC_MSGSEND = YES;
				GCC_C_LANGUAGE_STANDARD = gnu11;
				GCC_NO_COMMON_BLOCKS = YES;
				GCC_WARN_64_TO_32_BIT_CONVERSION = YES;
				GCC_WARN_ABOUT_RETURN_TYPE = YES_ERROR;
				GCC_WARN_UNDECLARED_SELECTOR = YES;
				GCC_WARN_UNINITIALIZED_AUTOS = YES_AGGRESSIVE;
				GCC_WARN_UNUSED_FUNCTION = YES;
				GCC_WARN_UNUSED_VARIABLE = YES;
				IPHONEOS_DEPLOYMENT_TARGET = 13.0;
				MTL_ENABLE_DEBUG_INFO = NO;
				MTL_FAST_MATH = YES;
				SDKROOT = iphoneos;
				SWIFT_COMPILATION_MODE = wholemodule;
				SWIFT_OPTIMIZATION_LEVEL = "-O";
				VALIDATE_PRODUCT = YES;
			};
			name = Release;
		};
		A21890AB234166B8008FBA2C /* Debug */ = {
			isa = XCBuildConfiguration;
			buildSettings = {
				ASSETCATALOG_COMPILER_APPICON_NAME = AppIcon;
				CODE_SIGN_IDENTITY = "Apple Development";
				CODE_SIGN_STYLE = Automatic;
				DEVELOPMENT_ASSET_PATHS = "\"MixItPlaylists/Preview Content\"";
				DEVELOPMENT_TEAM = MGX94F74HZ;
				ENABLE_PREVIEWS = YES;
				FRAMEWORK_SEARCH_PATHS = (
					"$(inherited)",
					"$(PROJECT_DIR)",
				);
				INFOPLIST_FILE = MixItPlaylists/Info.plist;
				LD_RUNPATH_SEARCH_PATHS = (
					"$(inherited)",
					"@executable_path/Frameworks",
				);
				OTHER_LDFLAGS = "-ObjC";
				PRODUCT_BUNDLE_IDENTIFIER = com.MixIt.MixItPlaylists;
				PRODUCT_NAME = "Mix It Playlists";
				PROVISIONING_PROFILE_SPECIFIER = "";
				SWIFT_OBJC_BRIDGING_HEADER = "MixItPlaylists/MixItPlaylists-Bridging-Header.h";
				SWIFT_VERSION = 5.0;
				TARGETED_DEVICE_FAMILY = "1,2";
			};
			name = Debug;
		};
		A21890AC234166B8008FBA2C /* Release */ = {
			isa = XCBuildConfiguration;
			buildSettings = {
				ASSETCATALOG_COMPILER_APPICON_NAME = AppIcon;
				CODE_SIGN_IDENTITY = "Apple Development";
				CODE_SIGN_STYLE = Automatic;
				DEVELOPMENT_ASSET_PATHS = "\"MixItPlaylists/Preview Content\"";
				DEVELOPMENT_TEAM = MGX94F74HZ;
				ENABLE_PREVIEWS = YES;
				FRAMEWORK_SEARCH_PATHS = (
					"$(inherited)",
					"$(PROJECT_DIR)",
				);
				INFOPLIST_FILE = MixItPlaylists/Info.plist;
				LD_RUNPATH_SEARCH_PATHS = (
					"$(inherited)",
					"@executable_path/Frameworks",
				);
				OTHER_LDFLAGS = "-ObjC";
				PRODUCT_BUNDLE_IDENTIFIER = com.MixIt.MixItPlaylists;
				PRODUCT_NAME = "Mix It Playlists";
				PROVISIONING_PROFILE_SPECIFIER = "";
				SWIFT_OBJC_BRIDGING_HEADER = "MixItPlaylists/MixItPlaylists-Bridging-Header.h";
				SWIFT_VERSION = 5.0;
				TARGETED_DEVICE_FAMILY = "1,2";
			};
			name = Release;
		};
		A21890AE234166B8008FBA2C /* Debug */ = {
			isa = XCBuildConfiguration;
			buildSettings = {
				ALWAYS_EMBED_SWIFT_STANDARD_LIBRARIES = YES;
				BUNDLE_LOADER = "$(TEST_HOST)";
				CODE_SIGN_STYLE = Automatic;
				INFOPLIST_FILE = MixItPlaylistsTests/Info.plist;
				IPHONEOS_DEPLOYMENT_TARGET = 13.1;
				LD_RUNPATH_SEARCH_PATHS = (
					"$(inherited)",
					"@executable_path/Frameworks",
					"@loader_path/Frameworks",
				);
				PRODUCT_BUNDLE_IDENTIFIER = com.MixIt.MixItPlaylistsTests;
				PRODUCT_NAME = "$(TARGET_NAME)";
				SWIFT_VERSION = 5.0;
				TARGETED_DEVICE_FAMILY = "1,2";
				TEST_HOST = "$(BUILT_PRODUCTS_DIR)/MixItPlaylists.app/MixItPlaylists";
			};
			name = Debug;
		};
		A21890AF234166B8008FBA2C /* Release */ = {
			isa = XCBuildConfiguration;
			buildSettings = {
				ALWAYS_EMBED_SWIFT_STANDARD_LIBRARIES = YES;
				BUNDLE_LOADER = "$(TEST_HOST)";
				CODE_SIGN_STYLE = Automatic;
				INFOPLIST_FILE = MixItPlaylistsTests/Info.plist;
				IPHONEOS_DEPLOYMENT_TARGET = 13.1;
				LD_RUNPATH_SEARCH_PATHS = (
					"$(inherited)",
					"@executable_path/Frameworks",
					"@loader_path/Frameworks",
				);
				PRODUCT_BUNDLE_IDENTIFIER = com.MixIt.MixItPlaylistsTests;
				PRODUCT_NAME = "$(TARGET_NAME)";
				SWIFT_VERSION = 5.0;
				TARGETED_DEVICE_FAMILY = "1,2";
				TEST_HOST = "$(BUILT_PRODUCTS_DIR)/MixItPlaylists.app/MixItPlaylists";
			};
			name = Release;
		};
		A21890B1234166B8008FBA2C /* Debug */ = {
			isa = XCBuildConfiguration;
			buildSettings = {
				ALWAYS_EMBED_SWIFT_STANDARD_LIBRARIES = YES;
				CODE_SIGN_STYLE = Automatic;
				INFOPLIST_FILE = MixItPlaylistsUITests/Info.plist;
				LD_RUNPATH_SEARCH_PATHS = (
					"$(inherited)",
					"@executable_path/Frameworks",
					"@loader_path/Frameworks",
				);
				PRODUCT_BUNDLE_IDENTIFIER = com.MixIt.MixItPlaylistsUITests;
				PRODUCT_NAME = "$(TARGET_NAME)";
				SWIFT_VERSION = 5.0;
				TARGETED_DEVICE_FAMILY = "1,2";
				TEST_TARGET_NAME = MixItPlaylists;
			};
			name = Debug;
		};
		A21890B2234166B8008FBA2C /* Release */ = {
			isa = XCBuildConfiguration;
			buildSettings = {
				ALWAYS_EMBED_SWIFT_STANDARD_LIBRARIES = YES;
				CODE_SIGN_STYLE = Automatic;
				INFOPLIST_FILE = MixItPlaylistsUITests/Info.plist;
				LD_RUNPATH_SEARCH_PATHS = (
					"$(inherited)",
					"@executable_path/Frameworks",
					"@loader_path/Frameworks",
				);
				PRODUCT_BUNDLE_IDENTIFIER = com.MixIt.MixItPlaylistsUITests;
				PRODUCT_NAME = "$(TARGET_NAME)";
				SWIFT_VERSION = 5.0;
				TARGETED_DEVICE_FAMILY = "1,2";
				TEST_TARGET_NAME = MixItPlaylists;
			};
			name = Release;
		};
/* End XCBuildConfiguration section */

/* Begin XCConfigurationList section */
		A218907B234166B5008FBA2C /* Build configuration list for PBXProject "MixItPlaylists" */ = {
			isa = XCConfigurationList;
			buildConfigurations = (
				A21890A8234166B8008FBA2C /* Debug */,
				A21890A9234166B8008FBA2C /* Release */,
			);
			defaultConfigurationIsVisible = 0;
			defaultConfigurationName = Release;
		};
		A21890AA234166B8008FBA2C /* Build configuration list for PBXNativeTarget "MixItPlaylists" */ = {
			isa = XCConfigurationList;
			buildConfigurations = (
				A21890AB234166B8008FBA2C /* Debug */,
				A21890AC234166B8008FBA2C /* Release */,
			);
			defaultConfigurationIsVisible = 0;
			defaultConfigurationName = Release;
		};
		A21890AD234166B8008FBA2C /* Build configuration list for PBXNativeTarget "MixItPlaylistsTests" */ = {
			isa = XCConfigurationList;
			buildConfigurations = (
				A21890AE234166B8008FBA2C /* Debug */,
				A21890AF234166B8008FBA2C /* Release */,
			);
			defaultConfigurationIsVisible = 0;
			defaultConfigurationName = Release;
		};
		A21890B0234166B8008FBA2C /* Build configuration list for PBXNativeTarget "MixItPlaylistsUITests" */ = {
			isa = XCConfigurationList;
			buildConfigurations = (
				A21890B1234166B8008FBA2C /* Debug */,
				A21890B2234166B8008FBA2C /* Release */,
			);
			defaultConfigurationIsVisible = 0;
			defaultConfigurationName = Release;
		};
/* End XCConfigurationList section */
	};
	rootObject = A2189078234166B5008FBA2C /* Project object */;
}
